
Microsoft Visual Studio Solution File, Format Version 12.00
# Visual Studio Version 16
VisualStudioVersion = 16.0.30804.86
MinimumVisualStudioVersion = 10.0.40219.1
Project("{9A19103F-16F7-4668-BE54-9A1E7A4F7556}") = "UpdatingPageTitle", "UpdatingPageTitle\UpdatingPageTitle.csproj", "{A2361B62-1D97-4B5E-B113-D19E87ECDD78}"
EndProject
Project("{9A19103F-16F7-4668-BE54-9A1E7A4F7556}") = "HeadComponents", "HeadComponents\HeadComponents.csproj", "{C46EF6DD-DC3C-414C-B00A-667C63E17417}"
EndProject
Global
	GlobalSection(SolutionConfigurationPlatforms) = preSolution
		Debug|Any CPU = Debug|Any CPU
		Release|Any CPU = Release|Any CPU
	EndGlobalSection
	GlobalSection(ProjectConfigurationPlatforms) = postSolution
		{A2361B62-1D97-4B5E-B113-D19E87ECDD78}.Debug|Any CPU.ActiveCfg = Debug|Any CPU
		{A2361B62-1D97-4B5E-B113-D19E87ECDD78}.Debug|Any CPU.Build.0 = Debug|Any CPU
		{A2361B62-1D97-4B5E-B113-D19E87ECDD78}.Release|Any CPU.ActiveCfg = Release|Any CPU
		{A2361B62-1D97-4B5E-B113-D19E87ECDD78}.Release|Any CPU.Build.0 = Release|Any CPU
		{C46EF6DD-DC3C-414C-B00A-667C63E17417}.Debug|Any CPU.ActiveCfg = Debug|Any CPU
		{C46EF6DD-DC3C-414C-B00A-667C63E17417}.Debug|Any CPU.Build.0 = Debug|Any CPU
		{C46EF6DD-DC3C-414C-B00A-667C63E17417}.Release|Any CPU.ActiveCfg = Release|Any CPU
		{C46EF6DD-DC3C-414C-B00A-667C63E17417}.Release|Any CPU.Build.0 = Release|Any CPU
	EndGlobalSection
	GlobalSection(SolutionProperties) = preSolution
		HideSolutionNode = FALSE
	EndGlobalSection
	GlobalSection(ExtensibilityGlobals) = postSolution
		SolutionGuid = {30D99AAF-517E-426B-834C-6ED5E33756C6}
	EndGlobalSection
EndGlobal
